
Microsoft Visual Studio Solution File, Format Version 12.00
# Visual Studio 15
VisualStudioVersion = 15.0.28307.106
MinimumVisualStudioVersion = 10.0.40219.1
Project("{FAE04EC0-301F-11D3-BF4B-00C04F79EFBC}") = "marketproject", "marketproject\marketproject.csproj", "{1431167C-1219-40F0-9370-CB8564576433}"
EndProject
Project("{FAE04EC0-301F-11D3-BF4B-00C04F79EFBC}") = "_DataLayer", "_DataLayer\_DataLayer.csproj", "{49870483-63E2-4B5F-9ABA-9669D5E262C6}"
EndProject
Project("{FAE04EC0-301F-11D3-BF4B-00C04F79EFBC}") = "_BusinessLayer", "_BusinessLayer\_BusinessLayer.csproj", "{50040AAC-0210-4AFA-8B69-FA19A1D7F3CB}"
EndProject
Global
	GlobalSection(SolutionConfigurationPlatforms) = preSolution
		Debug|Any CPU = Debug|Any CPU
		Release|Any CPU = Release|Any CPU
	EndGlobalSection
	GlobalSection(ProjectConfigurationPlatforms) = postSolution
		{1431167C-1219-40F0-9370-CB8564576433}.Debug|Any CPU.ActiveCfg = Debug|Any CPU
		{1431167C-1219-40F0-9370-CB8564576433}.Debug|Any CPU.Build.0 = Debug|Any CPU
		{1431167C-1219-40F0-9370-CB8564576433}.Release|Any CPU.ActiveCfg = Release|Any CPU
		{1431167C-1219-40F0-9370-CB8564576433}.Release|Any CPU.Build.0 = Release|Any CPU
		{49870483-63E2-4B5F-9ABA-9669D5E262C6}.Debug|Any CPU.ActiveCfg = Debug|Any CPU
		{49870483-63E2-4B5F-9ABA-9669D5E262C6}.Debug|Any CPU.Build.0 = Debug|Any CPU
		{49870483-63E2-4B5F-9ABA-9669D5E262C6}.Release|Any CPU.ActiveCfg = Release|Any CPU
		{49870483-63E2-4B5F-9ABA-9669D5E262C6}.Release|Any CPU.Build.0 = Release|Any CPU
		{50040AAC-0210-4AFA-8B69-FA19A1D7F3CB}.Debug|Any CPU.ActiveCfg = Debug|Any CPU
		{50040AAC-0210-4AFA-8B69-FA19A1D7F3CB}.Debug|Any CPU.Build.0 = Debug|Any CPU
		{50040AAC-0210-4AFA-8B69-FA19A1D7F3CB}.Release|Any CPU.ActiveCfg = Release|Any CPU
		{50040AAC-0210-4AFA-8B69-FA19A1D7F3CB}.Release|Any CPU.Build.0 = Release|Any CPU
	EndGlobalSection
	GlobalSection(SolutionProperties) = preSolution
		HideSolutionNode = FALSE
	EndGlobalSection
	GlobalSection(ExtensibilityGlobals) = postSolution
		SolutionGuid = {D0067022-A381-4976-A8B6-D4D7CE77843A}
	EndGlobalSection
EndGlobal
